
Microsoft Visual Studio Solution File, Format Version 12.00
# Visual Studio 15
VisualStudioVersion = 15.0.28307.329
MinimumVisualStudioVersion = 10.0.40219.1
Project("{FAE04EC0-301F-11D3-BF4B-00C04F79EFBC}") = "Rest.API", "Rest.API\Rest.API.csproj", "{2A483270-E843-4FA2-934E-905F01C8D948}"
EndProject
Project("{FAE04EC0-301F-11D3-BF4B-00C04F79EFBC}") = "Core", "Core\Core.csproj", "{638C1239-76F1-4A45-BB07-FB3EFB98CEF3}"
EndProject
Project("{FAE04EC0-301F-11D3-BF4B-00C04F79EFBC}") = "Data", "Data\Data.csproj", "{DD774EBA-E0D8-4606-8D82-DFFE09166DA9}"
EndProject
Global
	GlobalSection(SolutionConfigurationPlatforms) = preSolution
		Debug|Any CPU = Debug|Any CPU
		Release|Any CPU = Release|Any CPU
	EndGlobalSection
	GlobalSection(ProjectConfigurationPlatforms) = postSolution
		{2A483270-E843-4FA2-934E-905F01C8D948}.Debug|Any CPU.ActiveCfg = Debug|Any CPU
		{2A483270-E843-4FA2-934E-905F01C8D948}.Debug|Any CPU.Build.0 = Debug|Any CPU
		{2A483270-E843-4FA2-934E-905F01C8D948}.Release|Any CPU.ActiveCfg = Release|Any CPU
		{2A483270-E843-4FA2-934E-905F01C8D948}.Release|Any CPU.Build.0 = Release|Any CPU
		{638C1239-76F1-4A45-BB07-FB3EFB98CEF3}.Debug|Any CPU.ActiveCfg = Debug|Any CPU
		{638C1239-76F1-4A45-BB07-FB3EFB98CEF3}.Debug|Any CPU.Build.0 = Debug|Any CPU
		{638C1239-76F1-4A45-BB07-FB3EFB98CEF3}.Release|Any CPU.ActiveCfg = Release|Any CPU
		{638C1239-76F1-4A45-BB07-FB3EFB98CEF3}.Release|Any CPU.Build.0 = Release|Any CPU
		{DD774EBA-E0D8-4606-8D82-DFFE09166DA9}.Debug|Any CPU.ActiveCfg = Debug|Any CPU
		{DD774EBA-E0D8-4606-8D82-DFFE09166DA9}.Debug|Any CPU.Build.0 = Debug|Any CPU
		{DD774EBA-E0D8-4606-8D82-DFFE09166DA9}.Release|Any CPU.ActiveCfg = Release|Any CPU
		{DD774EBA-E0D8-4606-8D82-DFFE09166DA9}.Release|Any CPU.Build.0 = Release|Any CPU
	EndGlobalSection
	GlobalSection(SolutionProperties) = preSolution
		HideSolutionNode = FALSE
	EndGlobalSection
	GlobalSection(ExtensibilityGlobals) = postSolution
		SolutionGuid = {7665BCC0-7AE0-4B72-B662-16A0EFE5ECCB}
	EndGlobalSection
EndGlobal
